# This file is @generated by PDM.
# It is not intended for manual editing.

[metadata]
groups = ["default", "build"]
strategy = ["inherit_metadata"]
lock_version = "4.5.0"
content_hash = "sha256:7787b4bf5af7882b7881a6be27165a0f0ef0d8c5a302dba1055df307fccbc218"

[[metadata.targets]]
requires_python = "==3.12.*"

[[package]]
name = "beautifulsoup4"
version = "4.13.4"
requires_python = ">=3.7.0"
summary = "Screen-scraping library"
groups = ["default"]
dependencies = [
    "soupsieve>1.2",
    "typing-extensions>=4.0.0",
]
files = [
    {file = "beautifulsoup4-4.13.4-py3-none-any.whl", hash = "sha256:9bbbb14bfde9d79f38b8cd5f8c7c85f4b8f2523190ebed90e950a8dea4cb1c4b"},
    {file = "beautifulsoup4-4.13.4.tar.gz", hash = "sha256:dbb3c4e1ceae6aefebdaf2423247260cd062430a410e38c66f2baa50a8437195"},
]

[[package]]
name = "certifi"
version = "2025.6.15"
requires_python = ">=3.7"
summary = "Python package for providing Mozilla's CA Bundle."
groups = ["default"]
files = [
    {file = "certifi-2025.6.15-py3-none-any.whl", hash = "sha256:2e0c7ce7cb5d8f8634ca55d2ba7e6ec2689a2fd6537d8dec1296a477a4910057"},
    {file = "certifi-2025.6.15.tar.gz", hash = "sha256:d747aa5a8b9bbbb1bb8c22bb13e22bd1f18e9796defa16bab421f7f7a317323b"},
]

[[package]]
name = "cffi"
version = "1.17.1"
requires_python = ">=3.8"
summary = "Foreign Function Interface for Python calling C code."
groups = ["build"]
marker = "platform_python_implementation == \"PyPy\""
dependencies = [
    "pycparser",
]
files = [
    {file = "cffi-1.17.1-cp312-cp312-macosx_10_9_x86_64.whl", hash = "sha256:805b4371bf7197c329fcb3ead37e710d1bca9da5d583f5073b799d5c5bd1eee4"},
    {file = "cffi-1.17.1-cp312-cp312-macosx_11_0_arm64.whl", hash = "sha256:733e99bc2df47476e3848417c5a4540522f234dfd4ef3ab7fafdf555b082ec0c"},
    {file = "cffi-1.17.1-cp312-cp312-manylinux_2_12_i686.manylinux2010_i686.manylinux_2_17_i686.manylinux2014_i686.whl", hash = "sha256:1257bdabf294dceb59f5e70c64a3e2f462c30c7ad68092d01bbbfb1c16b1ba36"},
    {file = "cffi-1.17.1-cp312-cp312-manylinux_2_17_aarch64.manylinux2014_aarch64.whl", hash = "sha256:da95af8214998d77a98cc14e3a3bd00aa191526343078b530ceb0bd710fb48a5"},
    {file = "cffi-1.17.1-cp312-cp312-manylinux_2_17_ppc64le.manylinux2014_ppc64le.whl", hash = "sha256:d63afe322132c194cf832bfec0dc69a99fb9bb6bbd550f161a49e9e855cc78ff"},
    {file = "cffi-1.17.1-cp312-cp312-manylinux_2_17_s390x.manylinux2014_s390x.whl", hash = "sha256:f79fc4fc25f1c8698ff97788206bb3c2598949bfe0fef03d299eb1b5356ada99"},
    {file = "cffi-1.17.1-cp312-cp312-manylinux_2_17_x86_64.manylinux2014_x86_64.whl", hash = "sha256:b62ce867176a75d03a665bad002af8e6d54644fad99a3c70905c543130e39d93"},
    {file = "cffi-1.17.1-cp312-cp312-musllinux_1_1_aarch64.whl", hash = "sha256:386c8bf53c502fff58903061338ce4f4950cbdcb23e2902d86c0f722b786bbe3"},
    {file = "cffi-1.17.1-cp312-cp312-musllinux_1_1_x86_64.whl", hash = "sha256:4ceb10419a9adf4460ea14cfd6bc43d08701f0835e979bf821052f1805850fe8"},
    {file = "cffi-1.17.1-cp312-cp312-win32.whl", hash = "sha256:a08d7e755f8ed21095a310a693525137cfe756ce62d066e53f502a83dc550f65"},
    {file = "cffi-1.17.1-cp312-cp312-win_amd64.whl", hash = "sha256:51392eae71afec0d0c8fb1a53b204dbb3bcabcb3c9b807eedf3e1e6ccf2de903"},
    {file = "cffi-1.17.1.tar.gz", hash = "sha256:1c39c6016c32bc48dd54561950ebd6836e1670f2ae46128f67cf49e789c52824"},
]

[[package]]
name = "charset-normalizer"
version = "3.4.2"
requires_python = ">=3.7"
summary = "The Real First Universal Charset Detector. Open, modern and actively maintained alternative to Chardet."
groups = ["default"]
files = [
    {file = "charset_normalizer-3.4.2-cp312-cp312-macosx_10_13_universal2.whl", hash = "sha256:0c29de6a1a95f24b9a1aa7aefd27d2487263f00dfd55a77719b530788f75cff7"},
    {file = "charset_normalizer-3.4.2-cp312-cp312-manylinux_2_17_aarch64.manylinux2014_aarch64.whl", hash = "sha256:cddf7bd982eaa998934a91f69d182aec997c6c468898efe6679af88283b498d3"},
    {file = "charset_normalizer-3.4.2-cp312-cp312-manylinux_2_17_ppc64le.manylinux2014_ppc64le.whl", hash = "sha256:fcbe676a55d7445b22c10967bceaaf0ee69407fbe0ece4d032b6eb8d4565982a"},
    {file = "charset_normalizer-3.4.2-cp312-cp312-manylinux_2_17_s390x.manylinux2014_s390x.whl", hash = "sha256:d41c4d287cfc69060fa91cae9683eacffad989f1a10811995fa309df656ec214"},
    {file = "charset_normalizer-3.4.2-cp312-cp312-manylinux_2_17_x86_64.manylinux2014_x86_64.whl", hash = "sha256:4e594135de17ab3866138f496755f302b72157d115086d100c3f19370839dd3a"},
    {file = "charset_normalizer-3.4.2-cp312-cp312-manylinux_2_5_i686.manylinux1_i686.manylinux_2_17_i686.manylinux2014_i686.whl", hash = "sha256:cf713fe9a71ef6fd5adf7a79670135081cd4431c2943864757f0fa3a65b1fafd"},
    {file = "charset_normalizer-3.4.2-cp312-cp312-musllinux_1_2_aarch64.whl", hash = "sha256:a370b3e078e418187da8c3674eddb9d983ec09445c99a3a263c2011993522981"},
    {file = "charset_normalizer-3.4.2-cp312-cp312-musllinux_1_2_i686.whl", hash = "sha256:a955b438e62efdf7e0b7b52a64dc5c3396e2634baa62471768a64bc2adb73d5c"},
    {file = "charset_normalizer-3.4.2-cp312-cp312-musllinux_1_2_ppc64le.whl", hash = "sha256:7222ffd5e4de8e57e03ce2cef95a4c43c98fcb72ad86909abdfc2c17d227fc1b"},
    {file = "charset_normalizer-3.4.2-cp312-cp312-musllinux_1_2_s390x.whl", hash = "sha256:bee093bf902e1d8fc0ac143c88902c3dfc8941f7ea1d6a8dd2bcb786d33db03d"},
    {file = "charset_normalizer-3.4.2-cp312-cp312-musllinux_1_2_x86_64.whl", hash = "sha256:dedb8adb91d11846ee08bec4c8236c8549ac721c245678282dcb06b221aab59f"},
    {file = "charset_normalizer-3.4.2-cp312-cp312-win32.whl", hash = "sha256:db4c7bf0e07fc3b7d89ac2a5880a6a8062056801b83ff56d8464b70f65482b6c"},
    {file = "charset_normalizer-3.4.2-cp312-cp312-win_amd64.whl", hash = "sha256:5a9979887252a82fefd3d3ed2a8e3b937a7a809f65dcb1e068b090e165bbe99e"},
    {file = "charset_normalizer-3.4.2-py3-none-any.whl", hash = "sha256:7f56930ab0abd1c45cd15be65cc741c28b1c9a34876ce8c17a2fa107810c0af0"},
    {file = "charset_normalizer-3.4.2.tar.gz", hash = "sha256:5baececa9ecba31eff645232d59845c07aa030f0c81ee70184a90d35099a0e63"},
]

[[package]]
name = "colorama"
version = "0.4.6"
requires_python = "!=3.0.*,!=3.1.*,!=3.2.*,!=3.3.*,!=3.4.*,!=3.5.*,!=3.6.*,>=2.7"
summary = "Cross-platform colored terminal text."
groups = ["default"]
marker = "sys_platform == \"win32\""
files = [
    {file = "colorama-0.4.6-py2.py3-none-any.whl", hash = "sha256:4f1d9991f5acc0ca119f9d443620b77f9d6b33703e51011c16baf57afb285fc6"},
    {file = "colorama-0.4.6.tar.gz", hash = "sha256:08695f5cb7ed6e0531a20572697297273c47b8cae5a63ffc6d6ed5c201be6e44"},
]

[[package]]
name = "idna"
version = "3.10"
requires_python = ">=3.6"
summary = "Internationalized Domain Names in Applications (IDNA)"
groups = ["default"]
files = [
    {file = "idna-3.10-py3-none-any.whl", hash = "sha256:946d195a0d259cbba61165e88e65941f16e9b36ea6ddb97f00452bae8b1287d3"},
    {file = "idna-3.10.tar.gz", hash = "sha256:12f65c9b470abda6dc35cf8e63cc574b1c52b11df2c86030af0ac09b01b13ea9"},
]

[[package]]
name = "loguru"
version = "0.7.3"
requires_python = "<4.0,>=3.5"
summary = "Python logging made (stupidly) simple"
groups = ["default"]
dependencies = [
    "aiocontextvars>=0.2.0; python_version < \"3.7\"",
    "colorama>=0.3.4; sys_platform == \"win32\"",
    "win32-setctime>=1.0.0; sys_platform == \"win32\"",
]
files = [
    {file = "loguru-0.7.3-py3-none-any.whl", hash = "sha256:31a33c10c8e1e10422bfd431aeb5d351c7cf7fa671e3c4df004162264b28220c"},
    {file = "loguru-0.7.3.tar.gz", hash = "sha256:19480589e77d47b8d85b2c827ad95d49bf31b0dcde16593892eb51dd18706eb6"},
]

[[package]]
name = "lxml"
version = "5.4.0"
requires_python = ">=3.6"
summary = "Powerful and Pythonic XML processing library combining libxml2/libxslt with the ElementTree API."
groups = ["default"]
files = [
    {file = "lxml-5.4.0-cp312-cp312-macosx_10_9_universal2.whl", hash = "sha256:b5aff6f3e818e6bdbbb38e5967520f174b18f539c2b9de867b1e7fde6f8d95a4"},
    {file = "lxml-5.4.0-cp312-cp312-macosx_10_9_x86_64.whl", hash = "sha256:942a5d73f739ad7c452bf739a62a0f83e2578afd6b8e5406308731f4ce78b16d"},
    {file = "lxml-5.4.0-cp312-cp312-manylinux_2_12_i686.manylinux2010_i686.manylinux_2_17_i686.manylinux2014_i686.whl", hash = "sha256:460508a4b07364d6abf53acaa0a90b6d370fafde5693ef37602566613a9b0779"},
    {file = "lxml-5.4.0-cp312-cp312-manylinux_2_17_aarch64.manylinux2014_aarch64.whl", hash = "sha256:529024ab3a505fed78fe3cc5ddc079464e709f6c892733e3f5842007cec8ac6e"},
    {file = "lxml-5.4.0-cp312-cp312-manylinux_2_17_ppc64le.manylinux2014_ppc64le.whl", hash = "sha256:7ca56ebc2c474e8f3d5761debfd9283b8b18c76c4fc0967b74aeafba1f5647f9"},
    {file = "lxml-5.4.0-cp312-cp312-manylinux_2_17_s390x.manylinux2014_s390x.whl", hash = "sha256:a81e1196f0a5b4167a8dafe3a66aa67c4addac1b22dc47947abd5d5c7a3f24b5"},
    {file = "lxml-5.4.0-cp312-cp312-manylinux_2_17_x86_64.manylinux2014_x86_64.whl", hash = "sha256:00b8686694423ddae324cf614e1b9659c2edb754de617703c3d29ff568448df5"},
    {file = "lxml-5.4.0-cp312-cp312-manylinux_2_28_aarch64.whl", hash = "sha256:c5681160758d3f6ac5b4fea370495c48aac0989d6a0f01bb9a72ad8ef5ab75c4"},
    {file = "lxml-5.4.0-cp312-cp312-manylinux_2_28_ppc64le.whl", hash = "sha256:2dc191e60425ad70e75a68c9fd90ab284df64d9cd410ba8d2b641c0c45bc006e"},
    {file = "lxml-5.4.0-cp312-cp312-manylinux_2_28_s390x.whl", hash = "sha256:67f779374c6b9753ae0a0195a892a1c234ce8416e4448fe1e9f34746482070a7"},
    {file = "lxml-5.4.0-cp312-cp312-manylinux_2_28_x86_64.whl", hash = "sha256:79d5bfa9c1b455336f52343130b2067164040604e41f6dc4d8313867ed540079"},
    {file = "lxml-5.4.0-cp312-cp312-musllinux_1_2_aarch64.whl", hash = "sha256:3d3c30ba1c9b48c68489dc1829a6eede9873f52edca1dda900066542528d6b20"},
    {file = "lxml-5.4.0-cp312-cp312-musllinux_1_2_ppc64le.whl", hash = "sha256:1af80c6316ae68aded77e91cd9d80648f7dd40406cef73df841aa3c36f6907c8"},
    {file = "lxml-5.4.0-cp312-cp312-musllinux_1_2_s390x.whl", hash = "sha256:4d885698f5019abe0de3d352caf9466d5de2baded00a06ef3f1216c1a58ae78f"},
    {file = "lxml-5.4.0-cp312-cp312-musllinux_1_2_x86_64.whl", hash = "sha256:aea53d51859b6c64e7c51d522c03cc2c48b9b5d6172126854cc7f01aa11f52bc"},
    {file = "lxml-5.4.0-cp312-cp312-win32.whl", hash = "sha256:d90b729fd2732df28130c064aac9bb8aff14ba20baa4aee7bd0795ff1187545f"},
    {file = "lxml-5.4.0-cp312-cp312-win_amd64.whl", hash = "sha256:1dc4ca99e89c335a7ed47d38964abcb36c5910790f9bd106f2a8fa2ee0b909d2"},
    {file = "lxml-5.4.0.tar.gz", hash = "sha256:d12832e1dbea4be280b22fd0ea7c9b87f0d8fc51ba06e92dc62d52f804f78ebd"},
]

[[package]]
name = "nuitka"
version = "2.7.10"
summary = "Python compiler with full language support and CPython compatibility"
groups = ["build"]
dependencies = [
    "ordered-set>=4.1.0",
    "zstandard>=0.15",
]
files = [
    {file = "Nuitka-2.7.10.tar.gz", hash = "sha256:c510c44027bcd9890deb00586ea87b00dc787addace0722095f041b1414395fa"},
]

[[package]]
name = "ordered-set"
version = "4.1.0"
requires_python = ">=3.7"
summary = "An OrderedSet is a custom MutableSet that remembers its order, so that every"
groups = ["build"]
files = [
    {file = "ordered-set-4.1.0.tar.gz", hash = "sha256:694a8e44c87657c59292ede72891eb91d34131f6531463aab3009191c77364a8"},
    {file = "ordered_set-4.1.0-py3-none-any.whl", hash = "sha256:046e1132c71fcf3330438a539928932caf51ddbc582496833e23de611de14562"},
]

[[package]]
name = "pycparser"
version = "2.22"
requires_python = ">=3.8"
summary = "C parser in Python"
groups = ["build"]
marker = "platform_python_implementation == \"PyPy\""
files = [
    {file = "pycparser-2.22-py3-none-any.whl", hash = "sha256:c3702b6d3dd8c7abc1afa565d7e63d53a1d0bd86cdc24edd75470f4de499cfcc"},
    {file = "pycparser-2.22.tar.gz", hash = "sha256:491c8be9c040f5390f5bf44a5b07752bd07f56edf992381b05c701439eec10f6"},
]

[[package]]
name = "pyside6"
version = "6.9.1"
requires_python = "<3.14,>=3.9"
summary = "Python bindings for the Qt cross-platform application and UI framework"
groups = ["default"]
dependencies = [
    "PySide6-Addons==6.9.1",
    "PySide6-Essentials==6.9.1",
    "shiboken6==6.9.1",
]
files = [
    {file = "PySide6-6.9.1-cp39-abi3-macosx_12_0_universal2.whl", hash = "sha256:f843ef39970a2f79757810fffd7b8e93ac42a3de9ea62f2a03648cde57648aed"},
    {file = "PySide6-6.9.1-cp39-abi3-manylinux_2_28_x86_64.whl", hash = "sha256:db44ac08b8f7ac1b421bc1c6a44200d03f08d80dc7b3f68dfdb1684f30f41c17"},
    {file = "PySide6-6.9.1-cp39-abi3-manylinux_2_39_aarch64.whl", hash = "sha256:531a6e67c429b045674d57fe9864b711eb59e4cded753c2640982e368fd468d1"},
    {file = "PySide6-6.9.1-cp39-abi3-win_amd64.whl", hash = "sha256:c82dbb7d32bbdd465e01059174f71bddc97de152ab71bded3f1907c40f9a5f16"},
    {file = "PySide6-6.9.1-cp39-abi3-win_arm64.whl", hash = "sha256:1525d63dc6dc425b8c2dc5bc01a8cb1d67530401449f3a3490c09a14c095b9f9"},
]

[[package]]
name = "pyside6-addons"
version = "6.9.1"
requires_python = "<3.14,>=3.9"
summary = "Python bindings for the Qt cross-platform application and UI framework (Addons)"
groups = ["default"]
dependencies = [
    "PySide6-Essentials==6.9.1",
    "shiboken6==6.9.1",
]
files = [
    {file = "PySide6_Addons-6.9.1-cp39-abi3-macosx_12_0_universal2.whl", hash = "sha256:7be0708fa89715c282541fca47e2ba97c0c8d2886e0236ef994b2dd8f52aacdd"},
    {file = "PySide6_Addons-6.9.1-cp39-abi3-manylinux_2_28_x86_64.whl", hash = "sha256:da7869b02e3599d26546fad582db4656060786bc5ec8ece5ec9ee8aa8b42371c"},
    {file = "PySide6_Addons-6.9.1-cp39-abi3-manylinux_2_39_aarch64.whl", hash = "sha256:53fd08c8152b6ba8c435458afd189835ba905793a5077a2bb0b1b11222b375d4"},
    {file = "PySide6_Addons-6.9.1-cp39-abi3-win_amd64.whl", hash = "sha256:cd93a3a5e3886cd958f3a5acc7c061c24f10a394ce9f4ce657ac394544ca7ec2"},
    {file = "PySide6_Addons-6.9.1-cp39-abi3-win_arm64.whl", hash = "sha256:4f589631bdceb518080ae9c9fa288e64f092cd5bebe25adc8ad89e8eadd4db29"},
]

[[package]]
name = "pyside6-essentials"
version = "6.9.1"
requires_python = "<3.14,>=3.9"
summary = "Python bindings for the Qt cross-platform application and UI framework (Essentials)"
groups = ["default"]
dependencies = [
    "shiboken6==6.9.1",
]
files = [
    {file = "PySide6_Essentials-6.9.1-cp39-abi3-macosx_12_0_universal2.whl", hash = "sha256:ed43435a70e018e1c22efcaf34a9430b83cfcad716dba661b03de21c13322fab"},
    {file = "PySide6_Essentials-6.9.1-cp39-abi3-manylinux_2_28_x86_64.whl", hash = "sha256:e5da48883f006c6206ef85874db74ddebcdf69b0281bd4f1642b1c5ac1d54aea"},
    {file = "PySide6_Essentials-6.9.1-cp39-abi3-manylinux_2_39_aarch64.whl", hash = "sha256:e46a2801c9c6098025515fd0af6c594b9e9c951842f68b8f6f3da9858b9b26c2"},
    {file = "PySide6_Essentials-6.9.1-cp39-abi3-win_amd64.whl", hash = "sha256:ad1ac94011492dba33051bc33db1c76a7d6f815a81c01422cb6220273b369145"},
    {file = "PySide6_Essentials-6.9.1-cp39-abi3-win_arm64.whl", hash = "sha256:35c2c2bb4a88db74d11e638cf917524ff35785883f10b439ead07960a5733aa4"},
]

[[package]]
name = "python-cpdlc"
version = "1.2.1"
requires_python = ">=3.12"
summary = "A simple CPDLC client"
groups = ["default"]
dependencies = [
    "beautifulsoup4>=4.13.4",
    "loguru>=0.7.3",
    "lxml>=5.4.0",
    "requests>=2.32.4",
]
files = [
    {file = "python_cpdlc-1.2.1-py3-none-any.whl", hash = "sha256:169962e419217e802f2683848f4f077532bf0054de43b351fec2dd93a13393df"},
    {file = "python_cpdlc-1.2.1.tar.gz", hash = "sha256:9c4c003d9e1e63ce07251fd3929d4bdf76157afe97afa0fe56afb614d73d22bd"},
]

[[package]]
name = "requests"
version = "2.32.4"
requires_python = ">=3.8"
summary = "Python HTTP for Humans."
groups = ["default"]
dependencies = [
    "certifi>=2017.4.17",
    "charset-normalizer<4,>=2",
    "idna<4,>=2.5",
    "urllib3<3,>=1.21.1",
]
files = [
    {file = "requests-2.32.4-py3-none-any.whl", hash = "sha256:27babd3cda2a6d50b30443204ee89830707d396671944c998b5975b031ac2b2c"},
    {file = "requests-2.32.4.tar.gz", hash = "sha256:27d0316682c8a29834d3264820024b62a36942083d52caf2f14c0591336d3422"},
]

[[package]]
name = "shiboken6"
version = "6.9.1"
requires_python = "<3.14,>=3.9"
summary = "Python/C++ bindings helper module"
groups = ["default"]
files = [
    {file = "shiboken6-6.9.1-cp39-abi3-macosx_12_0_universal2.whl", hash = "sha256:40e92afc88da06b5100c56b761e59837ff282166e9531268f3d910b6128e621e"},
    {file = "shiboken6-6.9.1-cp39-abi3-manylinux_2_28_x86_64.whl", hash = "sha256:efcdfa8655d34aaf8d7a0c7724def3440bd46db02f5ad3b1785db5f6ccb0a8ff"},
    {file = "shiboken6-6.9.1-cp39-abi3-manylinux_2_39_aarch64.whl", hash = "sha256:efcf75d48a29ae072d0bf54b3cd5a59ae91bb6b3ab7459e17c769355486c2e0b"},
    {file = "shiboken6-6.9.1-cp39-abi3-win_amd64.whl", hash = "sha256:209ccf02c135bd70321143dcbc5023ae0c056aa4850a845955dd2f9b2ff280a9"},
    {file = "shiboken6-6.9.1-cp39-abi3-win_arm64.whl", hash = "sha256:2a39997ce275ced7853defc89d3a1f19a11c90991ac6eef3435a69bb0b7ff1de"},
]

[[package]]
name = "soupsieve"
version = "2.7"
requires_python = ">=3.8"
summary = "A modern CSS selector implementation for Beautiful Soup."
groups = ["default"]
files = [
    {file = "soupsieve-2.7-py3-none-any.whl", hash = "sha256:6e60cc5c1ffaf1cebcc12e8188320b72071e922c2e897f737cadce79ad5d30c4"},
    {file = "soupsieve-2.7.tar.gz", hash = "sha256:ad282f9b6926286d2ead4750552c8a6142bc4c783fd66b0293547c8fe6ae126a"},
]

[[package]]
name = "typing-extensions"
version = "4.14.0"
requires_python = ">=3.9"
summary = "Backported and Experimental Type Hints for Python 3.9+"
groups = ["default"]
files = [
    {file = "typing_extensions-4.14.0-py3-none-any.whl", hash = "sha256:a1514509136dd0b477638fc68d6a91497af5076466ad0fa6c338e44e359944af"},
    {file = "typing_extensions-4.14.0.tar.gz", hash = "sha256:8676b788e32f02ab42d9e7c61324048ae4c6d844a399eebace3d4979d75ceef4"},
]

[[package]]
name = "urllib3"
version = "2.5.0"
requires_python = ">=3.9"
summary = "HTTP library with thread-safe connection pooling, file post, and more."
groups = ["default"]
files = [
    {file = "urllib3-2.5.0-py3-none-any.whl", hash = "sha256:e6b01673c0fa6a13e374b50871808eb3bf7046c4b125b216f6bf1cc604cff0dc"},
    {file = "urllib3-2.5.0.tar.gz", hash = "sha256:3fc47733c7e419d4bc3f6b3dc2b4f890bb743906a30d56ba4a5bfa4bbff92760"},
]

[[package]]
name = "win32-setctime"
version = "1.2.0"
requires_python = ">=3.5"
summary = "A small Python utility to set file creation time on Windows"
groups = ["default"]
marker = "sys_platform == \"win32\""
files = [
    {file = "win32_setctime-1.2.0-py3-none-any.whl", hash = "sha256:95d644c4e708aba81dc3704a116d8cbc974d70b3bdb8be1d150e36be6e9d1390"},
    {file = "win32_setctime-1.2.0.tar.gz", hash = "sha256:ae1fdf948f5640aae05c511ade119313fb6a30d7eabe25fef9764dca5873c4c0"},
]

[[package]]
name = "zstandard"
version = "0.23.0"
requires_python = ">=3.8"
summary = "Zstandard bindings for Python"
groups = ["build"]
dependencies = [
    "cffi>=1.11; platform_python_implementation == \"PyPy\"",
]
files = [
    {file = "zstandard-0.23.0-cp312-cp312-macosx_10_9_x86_64.whl", hash = "sha256:b4567955a6bc1b20e9c31612e615af6b53733491aeaa19a6b3b37f3b65477094"},
    {file = "zstandard-0.23.0-cp312-cp312-macosx_11_0_arm64.whl", hash = "sha256:1e172f57cd78c20f13a3415cc8dfe24bf388614324d25539146594c16d78fcc8"},
    {file = "zstandard-0.23.0-cp312-cp312-manylinux_2_17_aarch64.manylinux2014_aarch64.whl", hash = "sha256:b0e166f698c5a3e914947388c162be2583e0c638a4703fc6a543e23a88dea3c1"},
    {file = "zstandard-0.23.0-cp312-cp312-manylinux_2_17_ppc64le.manylinux2014_ppc64le.whl", hash = "sha256:12a289832e520c6bd4dcaad68e944b86da3bad0d339ef7989fb7e88f92e96072"},
    {file = "zstandard-0.23.0-cp312-cp312-manylinux_2_17_s390x.manylinux2014_s390x.whl", hash = "sha256:d50d31bfedd53a928fed6707b15a8dbeef011bb6366297cc435accc888b27c20"},
    {file = "zstandard-0.23.0-cp312-cp312-manylinux_2_17_x86_64.manylinux2014_x86_64.whl", hash = "sha256:72c68dda124a1a138340fb62fa21b9bf4848437d9ca60bd35db36f2d3345f373"},
    {file = "zstandard-0.23.0-cp312-cp312-manylinux_2_5_i686.manylinux1_i686.manylinux_2_17_i686.manylinux2014_i686.whl", hash = "sha256:53dd9d5e3d29f95acd5de6802e909ada8d8d8cfa37a3ac64836f3bc4bc5512db"},
    {file = "zstandard-0.23.0-cp312-cp312-musllinux_1_1_aarch64.whl", hash = "sha256:6a41c120c3dbc0d81a8e8adc73312d668cd34acd7725f036992b1b72d22c1772"},
    {file = "zstandard-0.23.0-cp312-cp312-musllinux_1_1_x86_64.whl", hash = "sha256:40b33d93c6eddf02d2c19f5773196068d875c41ca25730e8288e9b672897c105"},
    {file = "zstandard-0.23.0-cp312-cp312-musllinux_1_2_aarch64.whl", hash = "sha256:9206649ec587e6b02bd124fb7799b86cddec350f6f6c14bc82a2b70183e708ba"},
    {file = "zstandard-0.23.0-cp312-cp312-musllinux_1_2_i686.whl", hash = "sha256:76e79bc28a65f467e0409098fa2c4376931fd3207fbeb6b956c7c476d53746dd"},
    {file = "zstandard-0.23.0-cp312-cp312-musllinux_1_2_ppc64le.whl", hash = "sha256:66b689c107857eceabf2cf3d3fc699c3c0fe8ccd18df2219d978c0283e4c508a"},
    {file = "zstandard-0.23.0-cp312-cp312-musllinux_1_2_s390x.whl", hash = "sha256:9c236e635582742fee16603042553d276cca506e824fa2e6489db04039521e90"},
    {file = "zstandard-0.23.0-cp312-cp312-musllinux_1_2_x86_64.whl", hash = "sha256:a8fffdbd9d1408006baaf02f1068d7dd1f016c6bcb7538682622c556e7b68e35"},
    {file = "zstandard-0.23.0-cp312-cp312-win32.whl", hash = "sha256:dc1d33abb8a0d754ea4763bad944fd965d3d95b5baef6b121c0c9013eaf1907d"},
    {file = "zstandard-0.23.0-cp312-cp312-win_amd64.whl", hash = "sha256:64585e1dba664dc67c7cdabd56c1e5685233fbb1fc1966cfba2a340ec0dfff7b"},
    {file = "zstandard-0.23.0.tar.gz", hash = "sha256:b2d8c62d08e7255f68f7a740bae85b3c9b8e5466baa9cbf7f57f1cde0ac6bc09"},
]
